// !$*UTF8*$!
{
	archiveVersion = 1;
	classes = {
	};
	objectVersion = 46;
	objects = {

/* Begin PBXBuildFile section */
		0181051C1ECB782E00F33FDD /* ProfileViewController.m in Sources */ = {isa = PBXBuildFile; fileRef = 0181051B1ECB782E00F33FDD /* ProfileViewController.m */; };
		0181051F1ECB816400F33FDD /* MapViewController.m in Sources */ = {isa = PBXBuildFile; fileRef = 0181051E1ECB816400F33FDD /* MapViewController.m */; };
		018105221ECB98DB00F33FDD /* MapKit.framework in Frameworks */ = {isa = PBXBuildFile; fileRef = 018105211ECB98DB00F33FDD /* MapKit.framework */; };
		019AECE51ECA396600D9C21A /* HomeViewController.m in Sources */ = {isa = PBXBuildFile; fileRef = 019AECE41ECA396600D9C21A /* HomeViewController.m */; };
		2B3049E2586C07AE717CF880 /* Pods_Rest_InsuredTests.framework in Frameworks */ = {isa = PBXBuildFile; fileRef = 9977AA282D6391FA0C2BB34D /* Pods_Rest_InsuredTests.framework */; };
		6F272AB0E069333663BCA2A1 /* Pods_Rest_Insured.framework in Frameworks */ = {isa = PBXBuildFile; fileRef = 5235C0671CFDB82B6840BCF9 /* Pods_Rest_Insured.framework */; };
		7111909E1ECBA08F00A4904D /* Practice.m in Sources */ = {isa = PBXBuildFile; fileRef = 7111909D1ECBA08F00A4904D /* Practice.m */; };
		711190A11ECBA0A100A4904D /* Doctor.m in Sources */ = {isa = PBXBuildFile; fileRef = 711190A01ECBA0A100A4904D /* Doctor.m */; };
		711190A41ECBAC0B00A4904D /* RestInsuredAPI.m in Sources */ = {isa = PBXBuildFile; fileRef = 711190A31ECBAC0B00A4904D /* RestInsuredAPI.m */; };
		713DB5301ECA1980007B1428 /* main.m in Sources */ = {isa = PBXBuildFile; fileRef = 713DB52F1ECA1980007B1428 /* main.m */; };
		713DB5331ECA1980007B1428 /* AppDelegate.m in Sources */ = {isa = PBXBuildFile; fileRef = 713DB5321ECA1980007B1428 /* AppDelegate.m */; };
		713DB5391ECA1980007B1428 /* Main.storyboard in Resources */ = {isa = PBXBuildFile; fileRef = 713DB5371ECA1980007B1428 /* Main.storyboard */; };
		713DB53C1ECA1980007B1428 /* Rest_Insured.xcdatamodeld in Sources */ = {isa = PBXBuildFile; fileRef = 713DB53A1ECA1980007B1428 /* Rest_Insured.xcdatamodeld */; };
		713DB53E1ECA1980007B1428 /* Assets.xcassets in Resources */ = {isa = PBXBuildFile; fileRef = 713DB53D1ECA1980007B1428 /* Assets.xcassets */; };
		713DB5411ECA1980007B1428 /* LaunchScreen.storyboard in Resources */ = {isa = PBXBuildFile; fileRef = 713DB53F1ECA1980007B1428 /* LaunchScreen.storyboard */; };
		713DB54C1ECA1980007B1428 /* Rest_InsuredTests.m in Sources */ = {isa = PBXBuildFile; fileRef = 713DB54B1ECA1980007B1428 /* Rest_InsuredTests.m */; };
		713DB5581ECA4304007B1428 /* LoginViewController.m in Sources */ = {isa = PBXBuildFile; fileRef = 713DB5571ECA4304007B1428 /* LoginViewController.m */; };
		713DB55B1ECA4312007B1428 /* RegisterUserViewController.m in Sources */ = {isa = PBXBuildFile; fileRef = 713DB55A1ECA4312007B1428 /* RegisterUserViewController.m */; };
		713DB55E1ECA432B007B1428 /* LocationSearchViewController.m in Sources */ = {isa = PBXBuildFile; fileRef = 713DB55D1ECA432B007B1428 /* LocationSearchViewController.m */; };
		A16D4E111ECA6BFE00DE3441 /* DoctorDetailViewController.m in Sources */ = {isa = PBXBuildFile; fileRef = A16D4E101ECA6BFE00DE3441 /* DoctorDetailViewController.m */; };
		A16D4E141ECA6C1500DE3441 /* PracticeDetailViewController.m in Sources */ = {isa = PBXBuildFile; fileRef = A16D4E131ECA6C1500DE3441 /* PracticeDetailViewController.m */; };
		A16D4E171ECA6C5A00DE3441 /* SearchInsuranceViewController.m in Sources */ = {isa = PBXBuildFile; fileRef = A16D4E161ECA6C5A00DE3441 /* SearchInsuranceViewController.m */; };
		A16D4E1A1ECB60C800DE3441 /* User.m in Sources */ = {isa = PBXBuildFile; fileRef = A16D4E191ECB60C800DE3441 /* User.m */; };
		A16D4E201ECCEE3700DE3441 /* UserSignupAPI.m in Sources */ = {isa = PBXBuildFile; fileRef = A16D4E1F1ECCEE3700DE3441 /* UserSignupAPI.m */; };
		A16D4E231ECCEE4600DE3441 /* UserLoginAPI.m in Sources */ = {isa = PBXBuildFile; fileRef = A16D4E221ECCEE4600DE3441 /* UserLoginAPI.m */; };
/* End PBXBuildFile section */

/* Begin PBXContainerItemProxy section */
		713DB5481ECA1980007B1428 /* PBXContainerItemProxy */ = {
			isa = PBXContainerItemProxy;
			containerPortal = 713DB5231ECA1980007B1428 /* Project object */;
			proxyType = 1;
			remoteGlobalIDString = 713DB52A1ECA1980007B1428;
			remoteInfo = "Rest Insured";
		};
/* End PBXContainerItemProxy section */

/* Begin PBXFileReference section */
		0016A46B81B674F841AE83EB /* Pods-Rest Insured.debug.xcconfig */ = {isa = PBXFileReference; includeInIndex = 1; lastKnownFileType = text.xcconfig; name = "Pods-Rest Insured.debug.xcconfig"; path = "Pods/Target Support Files/Pods-Rest Insured/Pods-Rest Insured.debug.xcconfig"; sourceTree = "<group>"; };
		0181051A1ECB782E00F33FDD /* ProfileViewController.h */ = {isa = PBXFileReference; fileEncoding = 4; lastKnownFileType = sourcecode.c.h; path = ProfileViewController.h; sourceTree = "<group>"; };
		0181051B1ECB782E00F33FDD /* ProfileViewController.m */ = {isa = PBXFileReference; fileEncoding = 4; lastKnownFileType = sourcecode.c.objc; path = ProfileViewController.m; sourceTree = "<group>"; };
		0181051D1ECB816400F33FDD /* MapViewController.h */ = {isa = PBXFileReference; fileEncoding = 4; lastKnownFileType = sourcecode.c.h; path = MapViewController.h; sourceTree = "<group>"; };
		0181051E1ECB816400F33FDD /* MapViewController.m */ = {isa = PBXFileReference; fileEncoding = 4; lastKnownFileType = sourcecode.c.objc; path = MapViewController.m; sourceTree = "<group>"; };
		018105211ECB98DB00F33FDD /* MapKit.framework */ = {isa = PBXFileReference; lastKnownFileType = wrapper.framework; name = MapKit.framework; path = System/Library/Frameworks/MapKit.framework; sourceTree = SDKROOT; };
		019AECE31ECA396600D9C21A /* HomeViewController.h */ = {isa = PBXFileReference; fileEncoding = 4; lastKnownFileType = sourcecode.c.h; path = HomeViewController.h; sourceTree = "<group>"; };
		019AECE41ECA396600D9C21A /* HomeViewController.m */ = {isa = PBXFileReference; fileEncoding = 4; lastKnownFileType = sourcecode.c.objc; path = HomeViewController.m; sourceTree = "<group>"; };
		114074C51D4FAFC50A8EADCD /* Pods-Rest Insured.release.xcconfig */ = {isa = PBXFileReference; includeInIndex = 1; lastKnownFileType = text.xcconfig; name = "Pods-Rest Insured.release.xcconfig"; path = "Pods/Target Support Files/Pods-Rest Insured/Pods-Rest Insured.release.xcconfig"; sourceTree = "<group>"; };
		366816E0CE4B02F50F95785F /* Pods-Rest InsuredTests.debug.xcconfig */ = {isa = PBXFileReference; includeInIndex = 1; lastKnownFileType = text.xcconfig; name = "Pods-Rest InsuredTests.debug.xcconfig"; path = "Pods/Target Support Files/Pods-Rest InsuredTests/Pods-Rest InsuredTests.debug.xcconfig"; sourceTree = "<group>"; };
		5235C0671CFDB82B6840BCF9 /* Pods_Rest_Insured.framework */ = {isa = PBXFileReference; explicitFileType = wrapper.framework; includeInIndex = 0; path = Pods_Rest_Insured.framework; sourceTree = BUILT_PRODUCTS_DIR; };
		7111909C1ECBA08F00A4904D /* Practice.h */ = {isa = PBXFileReference; fileEncoding = 4; lastKnownFileType = sourcecode.c.h; path = Practice.h; sourceTree = "<group>"; };
		7111909D1ECBA08F00A4904D /* Practice.m */ = {isa = PBXFileReference; fileEncoding = 4; lastKnownFileType = sourcecode.c.objc; path = Practice.m; sourceTree = "<group>"; };
		7111909F1ECBA0A100A4904D /* Doctor.h */ = {isa = PBXFileReference; fileEncoding = 4; lastKnownFileType = sourcecode.c.h; path = Doctor.h; sourceTree = "<group>"; };
		711190A01ECBA0A100A4904D /* Doctor.m */ = {isa = PBXFileReference; fileEncoding = 4; lastKnownFileType = sourcecode.c.objc; path = Doctor.m; sourceTree = "<group>"; };
		711190A21ECBAC0B00A4904D /* RestInsuredAPI.h */ = {isa = PBXFileReference; fileEncoding = 4; lastKnownFileType = sourcecode.c.h; path = RestInsuredAPI.h; sourceTree = "<group>"; };
		711190A31ECBAC0B00A4904D /* RestInsuredAPI.m */ = {isa = PBXFileReference; fileEncoding = 4; lastKnownFileType = sourcecode.c.objc; path = RestInsuredAPI.m; sourceTree = "<group>"; };
		713DB52B1ECA1980007B1428 /* Rest Insured.app */ = {isa = PBXFileReference; explicitFileType = wrapper.application; includeInIndex = 0; path = "Rest Insured.app"; sourceTree = BUILT_PRODUCTS_DIR; };
		713DB52F1ECA1980007B1428 /* main.m */ = {isa = PBXFileReference; lastKnownFileType = sourcecode.c.objc; path = main.m; sourceTree = "<group>"; };
		713DB5311ECA1980007B1428 /* AppDelegate.h */ = {isa = PBXFileReference; lastKnownFileType = sourcecode.c.h; path = AppDelegate.h; sourceTree = "<group>"; };
		713DB5321ECA1980007B1428 /* AppDelegate.m */ = {isa = PBXFileReference; lastKnownFileType = sourcecode.c.objc; path = AppDelegate.m; sourceTree = "<group>"; };
		713DB5381ECA1980007B1428 /* Base */ = {isa = PBXFileReference; lastKnownFileType = file.storyboard; name = Base; path = Base.lproj/Main.storyboard; sourceTree = "<group>"; };
		713DB53B1ECA1980007B1428 /* Rest_Insured.xcdatamodel */ = {isa = PBXFileReference; lastKnownFileType = wrapper.xcdatamodel; path = Rest_Insured.xcdatamodel; sourceTree = "<group>"; };
		713DB53D1ECA1980007B1428 /* Assets.xcassets */ = {isa = PBXFileReference; lastKnownFileType = folder.assetcatalog; path = Assets.xcassets; sourceTree = "<group>"; };
		713DB5401ECA1980007B1428 /* Base */ = {isa = PBXFileReference; lastKnownFileType = file.storyboard; name = Base; path = Base.lproj/LaunchScreen.storyboard; sourceTree = "<group>"; };
		713DB5421ECA1980007B1428 /* Info.plist */ = {isa = PBXFileReference; lastKnownFileType = text.plist.xml; path = Info.plist; sourceTree = "<group>"; };
		713DB5471ECA1980007B1428 /* Rest InsuredTests.xctest */ = {isa = PBXFileReference; explicitFileType = wrapper.cfbundle; includeInIndex = 0; path = "Rest InsuredTests.xctest"; sourceTree = BUILT_PRODUCTS_DIR; };
		713DB54B1ECA1980007B1428 /* Rest_InsuredTests.m */ = {isa = PBXFileReference; lastKnownFileType = sourcecode.c.objc; path = Rest_InsuredTests.m; sourceTree = "<group>"; };
		713DB54D1ECA1980007B1428 /* Info.plist */ = {isa = PBXFileReference; lastKnownFileType = text.plist.xml; path = Info.plist; sourceTree = "<group>"; };
		713DB5561ECA4304007B1428 /* LoginViewController.h */ = {isa = PBXFileReference; fileEncoding = 4; lastKnownFileType = sourcecode.c.h; path = LoginViewController.h; sourceTree = "<group>"; };
		713DB5571ECA4304007B1428 /* LoginViewController.m */ = {isa = PBXFileReference; fileEncoding = 4; lastKnownFileType = sourcecode.c.objc; path = LoginViewController.m; sourceTree = "<group>"; };
		713DB5591ECA4312007B1428 /* RegisterUserViewController.h */ = {isa = PBXFileReference; fileEncoding = 4; lastKnownFileType = sourcecode.c.h; path = RegisterUserViewController.h; sourceTree = "<group>"; };
		713DB55A1ECA4312007B1428 /* RegisterUserViewController.m */ = {isa = PBXFileReference; fileEncoding = 4; lastKnownFileType = sourcecode.c.objc; path = RegisterUserViewController.m; sourceTree = "<group>"; };
		713DB55C1ECA432B007B1428 /* LocationSearchViewController.h */ = {isa = PBXFileReference; fileEncoding = 4; lastKnownFileType = sourcecode.c.h; path = LocationSearchViewController.h; sourceTree = "<group>"; };
		713DB55D1ECA432B007B1428 /* LocationSearchViewController.m */ = {isa = PBXFileReference; fileEncoding = 4; lastKnownFileType = sourcecode.c.objc; path = LocationSearchViewController.m; sourceTree = "<group>"; };
		9977AA282D6391FA0C2BB34D /* Pods_Rest_InsuredTests.framework */ = {isa = PBXFileReference; explicitFileType = wrapper.framework; includeInIndex = 0; path = Pods_Rest_InsuredTests.framework; sourceTree = BUILT_PRODUCTS_DIR; };
		A16D4E0F1ECA6BFE00DE3441 /* DoctorDetailViewController.h */ = {isa = PBXFileReference; fileEncoding = 4; lastKnownFileType = sourcecode.c.h; path = DoctorDetailViewController.h; sourceTree = "<group>"; };
		A16D4E101ECA6BFE00DE3441 /* DoctorDetailViewController.m */ = {isa = PBXFileReference; fileEncoding = 4; lastKnownFileType = sourcecode.c.objc; path = DoctorDetailViewController.m; sourceTree = "<group>"; };
		A16D4E121ECA6C1500DE3441 /* PracticeDetailViewController.h */ = {isa = PBXFileReference; fileEncoding = 4; lastKnownFileType = sourcecode.c.h; path = PracticeDetailViewController.h; sourceTree = "<group>"; };
		A16D4E131ECA6C1500DE3441 /* PracticeDetailViewController.m */ = {isa = PBXFileReference; fileEncoding = 4; lastKnownFileType = sourcecode.c.objc; path = PracticeDetailViewController.m; sourceTree = "<group>"; };
		A16D4E151ECA6C5A00DE3441 /* SearchInsuranceViewController.h */ = {isa = PBXFileReference; fileEncoding = 4; lastKnownFileType = sourcecode.c.h; path = SearchInsuranceViewController.h; sourceTree = "<group>"; };
		A16D4E161ECA6C5A00DE3441 /* SearchInsuranceViewController.m */ = {isa = PBXFileReference; fileEncoding = 4; lastKnownFileType = sourcecode.c.objc; path = SearchInsuranceViewController.m; sourceTree = "<group>"; };
		A16D4E181ECB60C800DE3441 /* User.h */ = {isa = PBXFileReference; fileEncoding = 4; lastKnownFileType = sourcecode.c.h; path = User.h; sourceTree = "<group>"; };
		A16D4E191ECB60C800DE3441 /* User.m */ = {isa = PBXFileReference; fileEncoding = 4; lastKnownFileType = sourcecode.c.objc; path = User.m; sourceTree = "<group>"; };
		A16D4E1E1ECCEE3700DE3441 /* UserSignupAPI.h */ = {isa = PBXFileReference; fileEncoding = 4; lastKnownFileType = sourcecode.c.h; path = UserSignupAPI.h; sourceTree = "<group>"; };
		A16D4E1F1ECCEE3700DE3441 /* UserSignupAPI.m */ = {isa = PBXFileReference; fileEncoding = 4; lastKnownFileType = sourcecode.c.objc; path = UserSignupAPI.m; sourceTree = "<group>"; };
		A16D4E211ECCEE4600DE3441 /* UserLoginAPI.h */ = {isa = PBXFileReference; fileEncoding = 4; lastKnownFileType = sourcecode.c.h; path = UserLoginAPI.h; sourceTree = "<group>"; };
		A16D4E221ECCEE4600DE3441 /* UserLoginAPI.m */ = {isa = PBXFileReference; fileEncoding = 4; lastKnownFileType = sourcecode.c.objc; path = UserLoginAPI.m; sourceTree = "<group>"; };
		A1C66C4949F1D8A0FC3E2BE6 /* Pods-Rest InsuredTests.release.xcconfig */ = {isa = PBXFileReference; includeInIndex = 1; lastKnownFileType = text.xcconfig; name = "Pods-Rest InsuredTests.release.xcconfig"; path = "Pods/Target Support Files/Pods-Rest InsuredTests/Pods-Rest InsuredTests.release.xcconfig"; sourceTree = "<group>"; };
/* End PBXFileReference section */

/* Begin PBXFrameworksBuildPhase section */
		713DB5281ECA1980007B1428 /* Frameworks */ = {
			isa = PBXFrameworksBuildPhase;
			buildActionMask = 2147483647;
			files = (
				018105221ECB98DB00F33FDD /* MapKit.framework in Frameworks */,
				6F272AB0E069333663BCA2A1 /* Pods_Rest_Insured.framework in Frameworks */,
			);
			runOnlyForDeploymentPostprocessing = 0;
		};
		713DB5441ECA1980007B1428 /* Frameworks */ = {
			isa = PBXFrameworksBuildPhase;
			buildActionMask = 2147483647;
			files = (
				2B3049E2586C07AE717CF880 /* Pods_Rest_InsuredTests.framework in Frameworks */,
			);
			runOnlyForDeploymentPostprocessing = 0;
		};
/* End PBXFrameworksBuildPhase section */

/* Begin PBXGroup section */
		018105201ECB98DB00F33FDD /* Frameworks */ = {
			isa = PBXGroup;
			children = (
				018105211ECB98DB00F33FDD /* MapKit.framework */,
				5235C0671CFDB82B6840BCF9 /* Pods_Rest_Insured.framework */,
				9977AA282D6391FA0C2BB34D /* Pods_Rest_InsuredTests.framework */,
			);
			name = Frameworks;
			sourceTree = "<group>";
		};
		019AECE01ECA36C200D9C21A /* Controllers */ = {
			isa = PBXGroup;
			children = (
				0181051D1ECB816400F33FDD /* MapViewController.h */,
				0181051E1ECB816400F33FDD /* MapViewController.m */,
				0181051A1ECB782E00F33FDD /* ProfileViewController.h */,
				0181051B1ECB782E00F33FDD /* ProfileViewController.m */,
				A16D4E0F1ECA6BFE00DE3441 /* DoctorDetailViewController.h */,
				A16D4E101ECA6BFE00DE3441 /* DoctorDetailViewController.m */,
				A16D4E121ECA6C1500DE3441 /* PracticeDetailViewController.h */,
				A16D4E131ECA6C1500DE3441 /* PracticeDetailViewController.m */,
				A16D4E151ECA6C5A00DE3441 /* SearchInsuranceViewController.h */,
				A16D4E161ECA6C5A00DE3441 /* SearchInsuranceViewController.m */,
				713DB5561ECA4304007B1428 /* LoginViewController.h */,
				713DB5571ECA4304007B1428 /* LoginViewController.m */,
				713DB5591ECA4312007B1428 /* RegisterUserViewController.h */,
				713DB55A1ECA4312007B1428 /* RegisterUserViewController.m */,
				713DB55C1ECA432B007B1428 /* LocationSearchViewController.h */,
				713DB55D1ECA432B007B1428 /* LocationSearchViewController.m */,
				019AECE31ECA396600D9C21A /* HomeViewController.h */,
				019AECE41ECA396600D9C21A /* HomeViewController.m */,
			);
			name = Controllers;
			sourceTree = "<group>";
		};
		019AECE11ECA36EA00D9C21A /* Models */ = {
			isa = PBXGroup;
			children = (
				A16D4E1E1ECCEE3700DE3441 /* UserSignupAPI.h */,
				A16D4E1F1ECCEE3700DE3441 /* UserSignupAPI.m */,
				A16D4E211ECCEE4600DE3441 /* UserLoginAPI.h */,
				A16D4E221ECCEE4600DE3441 /* UserLoginAPI.m */,
				A16D4E181ECB60C800DE3441 /* User.h */,
				A16D4E191ECB60C800DE3441 /* User.m */,
				7111909C1ECBA08F00A4904D /* Practice.h */,
				7111909D1ECBA08F00A4904D /* Practice.m */,
				7111909F1ECBA0A100A4904D /* Doctor.h */,
				711190A01ECBA0A100A4904D /* Doctor.m */,
				711190A21ECBAC0B00A4904D /* RestInsuredAPI.h */,
				711190A31ECBAC0B00A4904D /* RestInsuredAPI.m */,
				713DB53A1ECA1980007B1428 /* Rest_Insured.xcdatamodeld */,
			);
			name = Models;
			sourceTree = "<group>";
		};
		019AECE21ECA36F100D9C21A /* Views */ = {
			isa = PBXGroup;
			children = (
				713DB5371ECA1980007B1428 /* Main.storyboard */,
				713DB53D1ECA1980007B1428 /* Assets.xcassets */,
				713DB53F1ECA1980007B1428 /* LaunchScreen.storyboard */,
			);
			name = Views;
			sourceTree = "<group>";
		};
		713DB5221ECA1980007B1428 = {
			isa = PBXGroup;
			children = (
				713DB52D1ECA1980007B1428 /* Rest Insured */,
				713DB54A1ECA1980007B1428 /* Rest InsuredTests */,
				713DB52C1ECA1980007B1428 /* Products */,
				018105201ECB98DB00F33FDD /* Frameworks */,
				8DBD0CE717ED9A22768D95CD /* Pods */,
			);
			sourceTree = "<group>";
		};
		713DB52C1ECA1980007B1428 /* Products */ = {
			isa = PBXGroup;
			children = (
				713DB52B1ECA1980007B1428 /* Rest Insured.app */,
				713DB5471ECA1980007B1428 /* Rest InsuredTests.xctest */,
			);
			name = Products;
			sourceTree = "<group>";
		};
		713DB52D1ECA1980007B1428 /* Rest Insured */ = {
			isa = PBXGroup;
			children = (
				019AECE01ECA36C200D9C21A /* Controllers */,
				019AECE21ECA36F100D9C21A /* Views */,
				713DB52E1ECA1980007B1428 /* Supporting Files */,
				019AECE11ECA36EA00D9C21A /* Models */,
			);
			path = "Rest Insured";
			sourceTree = "<group>";
		};
		713DB52E1ECA1980007B1428 /* Supporting Files */ = {
			isa = PBXGroup;
			children = (
				713DB5311ECA1980007B1428 /* AppDelegate.h */,
				713DB5321ECA1980007B1428 /* AppDelegate.m */,
				713DB52F1ECA1980007B1428 /* main.m */,
				713DB5421ECA1980007B1428 /* Info.plist */,
			);
			name = "Supporting Files";
			sourceTree = "<group>";
		};
		713DB54A1ECA1980007B1428 /* Rest InsuredTests */ = {
			isa = PBXGroup;
			children = (
				713DB54B1ECA1980007B1428 /* Rest_InsuredTests.m */,
				713DB54D1ECA1980007B1428 /* Info.plist */,
			);
			path = "Rest InsuredTests";
			sourceTree = "<group>";
		};
		8DBD0CE717ED9A22768D95CD /* Pods */ = {
			isa = PBXGroup;
			children = (
				0016A46B81B674F841AE83EB /* Pods-Rest Insured.debug.xcconfig */,
				114074C51D4FAFC50A8EADCD /* Pods-Rest Insured.release.xcconfig */,
				366816E0CE4B02F50F95785F /* Pods-Rest InsuredTests.debug.xcconfig */,
				A1C66C4949F1D8A0FC3E2BE6 /* Pods-Rest InsuredTests.release.xcconfig */,
			);
			name = Pods;
			sourceTree = "<group>";
		};
/* End PBXGroup section */

/* Begin PBXNativeTarget section */
		713DB52A1ECA1980007B1428 /* Rest Insured */ = {
			isa = PBXNativeTarget;
			buildConfigurationList = 713DB5501ECA1980007B1428 /* Build configuration list for PBXNativeTarget "Rest Insured" */;
			buildPhases = (
				61711B15A58FD9C128ED71A1 /* [CP] Check Pods Manifest.lock */,
				713DB5271ECA1980007B1428 /* Sources */,
				713DB5281ECA1980007B1428 /* Frameworks */,
				713DB5291ECA1980007B1428 /* Resources */,
				66C73B7C900D715E7B7F680F /* [CP] Embed Pods Frameworks */,
				2D222DAE271B27B808E0CE35 /* [CP] Copy Pods Resources */,
			);
			buildRules = (
			);
			dependencies = (
			);
			name = "Rest Insured";
			productName = "Rest Insured";
			productReference = 713DB52B1ECA1980007B1428 /* Rest Insured.app */;
			productType = "com.apple.product-type.application";
		};
		713DB5461ECA1980007B1428 /* Rest InsuredTests */ = {
			isa = PBXNativeTarget;
			buildConfigurationList = 713DB5531ECA1980007B1428 /* Build configuration list for PBXNativeTarget "Rest InsuredTests" */;
			buildPhases = (
				278D2699A2CC3EF5635D11F8 /* [CP] Check Pods Manifest.lock */,
				713DB5431ECA1980007B1428 /* Sources */,
				713DB5441ECA1980007B1428 /* Frameworks */,
				713DB5451ECA1980007B1428 /* Resources */,
				077DF6666890276C70E572FC /* [CP] Embed Pods Frameworks */,
				7ED0BAA0509C02D54138A48D /* [CP] Copy Pods Resources */,
			);
			buildRules = (
			);
			dependencies = (
				713DB5491ECA1980007B1428 /* PBXTargetDependency */,
			);
			name = "Rest InsuredTests";
			productName = "Rest InsuredTests";
			productReference = 713DB5471ECA1980007B1428 /* Rest InsuredTests.xctest */;
			productType = "com.apple.product-type.bundle.unit-test";
		};
/* End PBXNativeTarget section */

/* Begin PBXProject section */
		713DB5231ECA1980007B1428 /* Project object */ = {
			isa = PBXProject;
			attributes = {
				LastUpgradeCheck = 0830;
				ORGANIZATIONNAME = "Brandon Little";
				TargetAttributes = {
					713DB52A1ECA1980007B1428 = {
						CreatedOnToolsVersion = 8.3.2;
						DevelopmentTeam = AB9NKXMTZH;
						ProvisioningStyle = Automatic;
						SystemCapabilities = {
							com.apple.Maps.iOS = {
								enabled = 1;
							};
						};
					};
					713DB5461ECA1980007B1428 = {
						CreatedOnToolsVersion = 8.3.2;
						DevelopmentTeam = PQL3EX4TE2;
						ProvisioningStyle = Automatic;
						TestTargetID = 713DB52A1ECA1980007B1428;
					};
				};
			};
			buildConfigurationList = 713DB5261ECA1980007B1428 /* Build configuration list for PBXProject "Rest Insured" */;
			compatibilityVersion = "Xcode 3.2";
			developmentRegion = English;
			hasScannedForEncodings = 0;
			knownRegions = (
				en,
				Base,
			);
			mainGroup = 713DB5221ECA1980007B1428;
			productRefGroup = 713DB52C1ECA1980007B1428 /* Products */;
			projectDirPath = "";
			projectRoot = "";
			targets = (
				713DB52A1ECA1980007B1428 /* Rest Insured */,
				713DB5461ECA1980007B1428 /* Rest InsuredTests */,
			);
		};
/* End PBXProject section */

/* Begin PBXResourcesBuildPhase section */
		713DB5291ECA1980007B1428 /* Resources */ = {
			isa = PBXResourcesBuildPhase;
			buildActionMask = 2147483647;
			files = (
				713DB5411ECA1980007B1428 /* LaunchScreen.storyboard in Resources */,
				713DB53E1ECA1980007B1428 /* Assets.xcassets in Resources */,
				713DB5391ECA1980007B1428 /* Main.storyboard in Resources */,
			);
			runOnlyForDeploymentPostprocessing = 0;
		};
		713DB5451ECA1980007B1428 /* Resources */ = {
			isa = PBXResourcesBuildPhase;
			buildActionMask = 2147483647;
			files = (
			);
			runOnlyForDeploymentPostprocessing = 0;
		};
/* End PBXResourcesBuildPhase section */

/* Begin PBXShellScriptBuildPhase section */
		077DF6666890276C70E572FC /* [CP] Embed Pods Frameworks */ = {
			isa = PBXShellScriptBuildPhase;
			buildActionMask = 2147483647;
			files = (
			);
			inputPaths = (
			);
			name = "[CP] Embed Pods Frameworks";
			outputPaths = (
			);
			runOnlyForDeploymentPostprocessing = 0;
			shellPath = /bin/sh;
			shellScript = "\"${SRCROOT}/Pods/Target Support Files/Pods-Rest InsuredTests/Pods-Rest InsuredTests-frameworks.sh\"\n";
			showEnvVarsInLog = 0;
		};
		278D2699A2CC3EF5635D11F8 /* [CP] Check Pods Manifest.lock */ = {
			isa = PBXShellScriptBuildPhase;
			buildActionMask = 2147483647;
			files = (
			);
			inputPaths = (
			);
			name = "[CP] Check Pods Manifest.lock";
			outputPaths = (
			);
			runOnlyForDeploymentPostprocessing = 0;
			shellPath = /bin/sh;
			shellScript = "diff \"${PODS_PODFILE_DIR_PATH}/Podfile.lock\" \"${PODS_ROOT}/Manifest.lock\" > /dev/null\nif [ $? != 0 ] ; then\n    # print error to STDERR\n    echo \"error: The sandbox is not in sync with the Podfile.lock. Run 'pod install' or update your CocoaPods installation.\" >&2\n    exit 1\nfi\n";
			showEnvVarsInLog = 0;
		};
		2D222DAE271B27B808E0CE35 /* [CP] Copy Pods Resources */ = {
			isa = PBXShellScriptBuildPhase;
			buildActionMask = 2147483647;
			files = (
			);
			inputPaths = (
			);
			name = "[CP] Copy Pods Resources";
			outputPaths = (
			);
			runOnlyForDeploymentPostprocessing = 0;
			shellPath = /bin/sh;
			shellScript = "\"${SRCROOT}/Pods/Target Support Files/Pods-Rest Insured/Pods-Rest Insured-resources.sh\"\n";
			showEnvVarsInLog = 0;
		};
		61711B15A58FD9C128ED71A1 /* [CP] Check Pods Manifest.lock */ = {
			isa = PBXShellScriptBuildPhase;
			buildActionMask = 2147483647;
			files = (
			);
			inputPaths = (
			);
			name = "[CP] Check Pods Manifest.lock";
			outputPaths = (
			);
			runOnlyForDeploymentPostprocessing = 0;
			shellPath = /bin/sh;
			shellScript = "diff \"${PODS_PODFILE_DIR_PATH}/Podfile.lock\" \"${PODS_ROOT}/Manifest.lock\" > /dev/null\nif [ $? != 0 ] ; then\n    # print error to STDERR\n    echo \"error: The sandbox is not in sync with the Podfile.lock. Run 'pod install' or update your CocoaPods installation.\" >&2\n    exit 1\nfi\n";
			showEnvVarsInLog = 0;
		};
		66C73B7C900D715E7B7F680F /* [CP] Embed Pods Frameworks */ = {
			isa = PBXShellScriptBuildPhase;
			buildActionMask = 2147483647;
			files = (
			);
			inputPaths = (
			);
			name = "[CP] Embed Pods Frameworks";
			outputPaths = (
			);
			runOnlyForDeploymentPostprocessing = 0;
			shellPath = /bin/sh;
			shellScript = "\"${SRCROOT}/Pods/Target Support Files/Pods-Rest Insured/Pods-Rest Insured-frameworks.sh\"\n";
			showEnvVarsInLog = 0;
		};
		7ED0BAA0509C02D54138A48D /* [CP] Copy Pods Resources */ = {
			isa = PBXShellScriptBuildPhase;
			buildActionMask = 2147483647;
			files = (
			);
			inputPaths = (
			);
			name = "[CP] Copy Pods Resources";
			outputPaths = (
			);
			runOnlyForDeploymentPostprocessing = 0;
			shellPath = /bin/sh;
			shellScript = "\"${SRCROOT}/Pods/Target Support Files/Pods-Rest InsuredTests/Pods-Rest InsuredTests-resources.sh\"\n";
			showEnvVarsInLog = 0;
		};
/* End PBXShellScriptBuildPhase section */

/* Begin PBXSourcesBuildPhase section */
		713DB5271ECA1980007B1428 /* Sources */ = {
			isa = PBXSourcesBuildPhase;
			buildActionMask = 2147483647;
			files = (
				713DB53C1ECA1980007B1428 /* Rest_Insured.xcdatamodeld in Sources */,
				A16D4E231ECCEE4600DE3441 /* UserLoginAPI.m in Sources */,
				A16D4E201ECCEE3700DE3441 /* UserSignupAPI.m in Sources */,
				A16D4E111ECA6BFE00DE3441 /* DoctorDetailViewController.m in Sources */,
				7111909E1ECBA08F00A4904D /* Practice.m in Sources */,
				A16D4E141ECA6C1500DE3441 /* PracticeDetailViewController.m in Sources */,
				713DB5331ECA1980007B1428 /* AppDelegate.m in Sources */,
				713DB55B1ECA4312007B1428 /* RegisterUserViewController.m in Sources */,
				713DB5301ECA1980007B1428 /* main.m in Sources */,
				A16D4E1A1ECB60C800DE3441 /* User.m in Sources */,
				711190A11ECBA0A100A4904D /* Doctor.m in Sources */,
				0181051F1ECB816400F33FDD /* MapViewController.m in Sources */,
				019AECE51ECA396600D9C21A /* HomeViewController.m in Sources */,
				A16D4E171ECA6C5A00DE3441 /* SearchInsuranceViewController.m in Sources */,
				713DB55E1ECA432B007B1428 /* LocationSearchViewController.m in Sources */,
				711190A41ECBAC0B00A4904D /* RestInsuredAPI.m in Sources */,
				0181051C1ECB782E00F33FDD /* ProfileViewController.m in Sources */,
				713DB5581ECA4304007B1428 /* LoginViewController.m in Sources */,
			);
			runOnlyForDeploymentPostprocessing = 0;
		};
		713DB5431ECA1980007B1428 /* Sources */ = {
			isa = PBXSourcesBuildPhase;
			buildActionMask = 2147483647;
			files = (
				713DB54C1ECA1980007B1428 /* Rest_InsuredTests.m in Sources */,
			);
			runOnlyForDeploymentPostprocessing = 0;
		};
/* End PBXSourcesBuildPhase section */

/* Begin PBXTargetDependency section */
		713DB5491ECA1980007B1428 /* PBXTargetDependency */ = {
			isa = PBXTargetDependency;
			target = 713DB52A1ECA1980007B1428 /* Rest Insured */;
			targetProxy = 713DB5481ECA1980007B1428 /* PBXContainerItemProxy */;
		};
/* End PBXTargetDependency section */

/* Begin PBXVariantGroup section */
		713DB5371ECA1980007B1428 /* Main.storyboard */ = {
			isa = PBXVariantGroup;
			children = (
				713DB5381ECA1980007B1428 /* Base */,
			);
			name = Main.storyboard;
			sourceTree = "<group>";
		};
		713DB53F1ECA1980007B1428 /* LaunchScreen.storyboard */ = {
			isa = PBXVariantGroup;
			children = (
				713DB5401ECA1980007B1428 /* Base */,
			);
			name = LaunchScreen.storyboard;
			sourceTree = "<group>";
		};
/* End PBXVariantGroup section */

/* Begin XCBuildConfiguration section */
		713DB54E1ECA1980007B1428 /* Debug */ = {
			isa = XCBuildConfiguration;
			buildSettings = {
				ALWAYS_SEARCH_USER_PATHS = NO;
				CLANG_ANALYZER_NONNULL = YES;
				CLANG_ANALYZER_NUMBER_OBJECT_CONVERSION = YES_AGGRESSIVE;
				CLANG_CXX_LANGUAGE_STANDARD = "gnu++0x";
				CLANG_CXX_LIBRARY = "libc++";
				CLANG_ENABLE_MODULES = YES;
				CLANG_ENABLE_OBJC_ARC = YES;
				CLANG_WARN_BOOL_CONVERSION = YES;
				CLANG_WARN_CONSTANT_CONVERSION = YES;
				CLANG_WARN_DIRECT_OBJC_ISA_USAGE = YES_ERROR;
				CLANG_WARN_DOCUMENTATION_COMMENTS = YES;
				CLANG_WARN_EMPTY_BODY = YES;
				CLANG_WARN_ENUM_CONVERSION = YES;
				CLANG_WARN_INFINITE_RECURSION = YES;
				CLANG_WARN_INT_CONVERSION = YES;
				CLANG_WARN_OBJC_ROOT_CLASS = YES_ERROR;
				CLANG_WARN_SUSPICIOUS_MOVE = YES;
				CLANG_WARN_UNREACHABLE_CODE = YES;
				CLANG_WARN__DUPLICATE_METHOD_MATCH = YES;
				"CODE_SIGN_IDENTITY[sdk=iphoneos*]" = "iPhone Developer";
				COPY_PHASE_STRIP = NO;
				DEBUG_INFORMATION_FORMAT = dwarf;
				ENABLE_STRICT_OBJC_MSGSEND = YES;
				ENABLE_TESTABILITY = YES;
				GCC_C_LANGUAGE_STANDARD = gnu99;
				GCC_DYNAMIC_NO_PIC = NO;
				GCC_NO_COMMON_BLOCKS = YES;
				GCC_OPTIMIZATION_LEVEL = 0;
				GCC_PREPROCESSOR_DEFINITIONS = (
					"DEBUG=1",
					"$(inherited)",
				);
				GCC_WARN_64_TO_32_BIT_CONVERSION = YES;
				GCC_WARN_ABOUT_RETURN_TYPE = YES_ERROR;
				GCC_WARN_UNDECLARED_SELECTOR = YES;
				GCC_WARN_UNINITIALIZED_AUTOS = YES_AGGRESSIVE;
				GCC_WARN_UNUSED_FUNCTION = YES;
				GCC_WARN_UNUSED_VARIABLE = YES;
				IPHONEOS_DEPLOYMENT_TARGET = 10.3;
				MTL_ENABLE_DEBUG_INFO = YES;
				ONLY_ACTIVE_ARCH = YES;
				SDKROOT = iphoneos;
				TARGETED_DEVICE_FAMILY = "1,2";
			};
			name = Debug;
		};
		713DB54F1ECA1980007B1428 /* Release */ = {
			isa = XCBuildConfiguration;
			buildSettings = {
				ALWAYS_SEARCH_USER_PATHS = NO;
				CLANG_ANALYZER_NONNULL = YES;
				CLANG_ANALYZER_NUMBER_OBJECT_CONVERSION = YES_AGGRESSIVE;
				CLANG_CXX_LANGUAGE_STANDARD = "gnu++0x";
				CLANG_CXX_LIBRARY = "libc++";
				CLANG_ENABLE_MODULES = YES;
				CLANG_ENABLE_OBJC_ARC = YES;
				CLANG_WARN_BOOL_CONVERSION = YES;
				CLANG_WARN_CONSTANT_CONVERSION = YES;
				CLANG_WARN_DIRECT_OBJC_ISA_USAGE = YES_ERROR;
				CLANG_WARN_DOCUMENTATION_COMMENTS = YES;
				CLANG_WARN_EMPTY_BODY = YES;
				CLANG_WARN_ENUM_CONVERSION = YES;
				CLANG_WARN_INFINITE_RECURSION = YES;
				CLANG_WARN_INT_CONVERSION = YES;
				CLANG_WARN_OBJC_ROOT_CLASS = YES_ERROR;
				CLANG_WARN_SUSPICIOUS_MOVE = YES;
				CLANG_WARN_UNREACHABLE_CODE = YES;
				CLANG_WARN__DUPLICATE_METHOD_MATCH = YES;
				"CODE_SIGN_IDENTITY[sdk=iphoneos*]" = "iPhone Developer";
				COPY_PHASE_STRIP = NO;
				DEBUG_INFORMATION_FORMAT = "dwarf-with-dsym";
				ENABLE_NS_ASSERTIONS = NO;
				ENABLE_STRICT_OBJC_MSGSEND = YES;
				GCC_C_LANGUAGE_STANDARD = gnu99;
				GCC_NO_COMMON_BLOCKS = YES;
				GCC_WARN_64_TO_32_BIT_CONVERSION = YES;
				GCC_WARN_ABOUT_RETURN_TYPE = YES_ERROR;
				GCC_WARN_UNDECLARED_SELECTOR = YES;
				GCC_WARN_UNINITIALIZED_AUTOS = YES_AGGRESSIVE;
				GCC_WARN_UNUSED_FUNCTION = YES;
				GCC_WARN_UNUSED_VARIABLE = YES;
				IPHONEOS_DEPLOYMENT_TARGET = 10.3;
				MTL_ENABLE_DEBUG_INFO = NO;
				SDKROOT = iphoneos;
				TARGETED_DEVICE_FAMILY = "1,2";
				VALIDATE_PRODUCT = YES;
			};
			name = Release;
		};
		713DB5511ECA1980007B1428 /* Debug */ = {
			isa = XCBuildConfiguration;
			baseConfigurationReference = 0016A46B81B674F841AE83EB /* Pods-Rest Insured.debug.xcconfig */;
			buildSettings = {
				ASSETCATALOG_COMPILER_APPICON_NAME = AppIcon;
				DEVELOPMENT_TEAM = AB9NKXMTZH;
				INFOPLIST_FILE = "Rest Insured/Info.plist";
				LD_RUNPATH_SEARCH_PATHS = "$(inherited) @executable_path/Frameworks";
				PRODUCT_BUNDLE_IDENTIFIER = "com.brandonlittle.Rest-Insured";
				PRODUCT_NAME = "$(TARGET_NAME)";
				TARGETED_DEVICE_FAMILY = 1;
			};
			name = Debug;
		};
		713DB5521ECA1980007B1428 /* Release */ = {
			isa = XCBuildConfiguration;
			baseConfigurationReference = 114074C51D4FAFC50A8EADCD /* Pods-Rest Insured.release.xcconfig */;
			buildSettings = {
				ASSETCATALOG_COMPILER_APPICON_NAME = AppIcon;
				DEVELOPMENT_TEAM = AB9NKXMTZH;
				INFOPLIST_FILE = "Rest Insured/Info.plist";
				LD_RUNPATH_SEARCH_PATHS = "$(inherited) @executable_path/Frameworks";
				PRODUCT_BUNDLE_IDENTIFIER = "com.brandonlittle.Rest-Insured";
				PRODUCT_NAME = "$(TARGET_NAME)";
				TARGETED_DEVICE_FAMILY = 1;
			};
			name = Release;
		};
		713DB5541ECA1980007B1428 /* Debug */ = {
			isa = XCBuildConfiguration;
			baseConfigurationReference = 366816E0CE4B02F50F95785F /* Pods-Rest InsuredTests.debug.xcconfig */;
			buildSettings = {
				BUNDLE_LOADER = "$(TEST_HOST)";
				DEVELOPMENT_TEAM = PQL3EX4TE2;
				INFOPLIST_FILE = "Rest InsuredTests/Info.plist";
				LD_RUNPATH_SEARCH_PATHS = "$(inherited) @executable_path/Frameworks @loader_path/Frameworks";
				PRODUCT_BUNDLE_IDENTIFIER = "com.brandonlittle.Rest-InsuredTests";
				PRODUCT_NAME = "$(TARGET_NAME)";
				TEST_HOST = "$(BUILT_PRODUCTS_DIR)/Rest Insured.app/Rest Insured";
			};
			name = Debug;
		};
		713DB5551ECA1980007B1428 /* Release */ = {
			isa = XCBuildConfiguration;
			baseConfigurationReference = A1C66C4949F1D8A0FC3E2BE6 /* Pods-Rest InsuredTests.release.xcconfig */;
			buildSettings = {
				BUNDLE_LOADER = "$(TEST_HOST)";
				DEVELOPMENT_TEAM = PQL3EX4TE2;
				INFOPLIST_FILE = "Rest InsuredTests/Info.plist";
				LD_RUNPATH_SEARCH_PATHS = "$(inherited) @executable_path/Frameworks @loader_path/Frameworks";
				PRODUCT_BUNDLE_IDENTIFIER = "com.brandonlittle.Rest-InsuredTests";
				PRODUCT_NAME = "$(TARGET_NAME)";
				TEST_HOST = "$(BUILT_PRODUCTS_DIR)/Rest Insured.app/Rest Insured";
			};
			name = Release;
		};
/* End XCBuildConfiguration section */

/* Begin XCConfigurationList section */
		713DB5261ECA1980007B1428 /* Build configuration list for PBXProject "Rest Insured" */ = {
			isa = XCConfigurationList;
			buildConfigurations = (
				713DB54E1ECA1980007B1428 /* Debug */,
				713DB54F1ECA1980007B1428 /* Release */,
			);
			defaultConfigurationIsVisible = 0;
			defaultConfigurationName = Release;
		};
		713DB5501ECA1980007B1428 /* Build configuration list for PBXNativeTarget "Rest Insured" */ = {
			isa = XCConfigurationList;
			buildConfigurations = (
				713DB5511ECA1980007B1428 /* Debug */,
				713DB5521ECA1980007B1428 /* Release */,
			);
			defaultConfigurationIsVisible = 0;
			defaultConfigurationName = Release;
		};
		713DB5531ECA1980007B1428 /* Build configuration list for PBXNativeTarget "Rest InsuredTests" */ = {
			isa = XCConfigurationList;
			buildConfigurations = (
				713DB5541ECA1980007B1428 /* Debug */,
				713DB5551ECA1980007B1428 /* Release */,
			);
			defaultConfigurationIsVisible = 0;
			defaultConfigurationName = Release;
		};
/* End XCConfigurationList section */

/* Begin XCVersionGroup section */
		713DB53A1ECA1980007B1428 /* Rest_Insured.xcdatamodeld */ = {
			isa = XCVersionGroup;
			children = (
				713DB53B1ECA1980007B1428 /* Rest_Insured.xcdatamodel */,
			);
			currentVersion = 713DB53B1ECA1980007B1428 /* Rest_Insured.xcdatamodel */;
			path = Rest_Insured.xcdatamodeld;
			sourceTree = "<group>";
			versionGroupType = wrapper.xcdatamodel;
		};
/* End XCVersionGroup section */
	};
	rootObject = 713DB5231ECA1980007B1428 /* Project object */;
}
